# This file is automatically @generated by Cargo.
# It is not intended for manual editing.
version = 3

[[package]]
name = "cryptarithm"
version = "0.1.0"
dependencies = [
 "dinglebit_combinatorics",
]

[[package]]
name = "dinglebit_combinatorics"
version = "1.0.0"
source = "registry+https://github.com/rust-lang/crates.io-index"
checksum = "0e73efbe1bb8ff488326598406a9d99dd676758edf0e392cdb22a2819ae4a7c0"
